// !$*UTF8*$!
{
	archiveVersion = 1;
	classes = {
	};
	objectVersion = 52;
	objects = {

/* Begin PBXBuildFile section */
		9DEB25432538D98000B7872D /* AppDelegate.swift in Sources */ = {isa = PBXBuildFile; fileRef = 9DEB25422538D98000B7872D /* AppDelegate.swift */; };
		9DEB25452538D98000B7872D /* SceneDelegate.swift in Sources */ = {isa = PBXBuildFile; fileRef = 9DEB25442538D98000B7872D /* SceneDelegate.swift */; };
		9DEB25472538D98000B7872D /* ContentView.swift in Sources */ = {isa = PBXBuildFile; fileRef = 9DEB25462538D98000B7872D /* ContentView.swift */; };
		9DEB25492538D98200B7872D /* Assets.xcassets in Resources */ = {isa = PBXBuildFile; fileRef = 9DEB25482538D98200B7872D /* Assets.xcassets */; };
		9DEB254C2538D98200B7872D /* Preview Assets.xcassets in Resources */ = {isa = PBXBuildFile; fileRef = 9DEB254B2538D98200B7872D /* Preview Assets.xcassets */; };
		9DEB254F2538D98200B7872D /* LaunchScreen.storyboard in Resources */ = {isa = PBXBuildFile; fileRef = 9DEB254D2538D98200B7872D /* LaunchScreen.storyboard */; };
		9DEB25582538DBE100B7872D /* Atributika in Frameworks */ = {isa = PBXBuildFile; productRef = 9DEB25572538DBE100B7872D /* Atributika */; };
/* End PBXBuildFile section */

/* Begin PBXFileReference section */
		9DEB253F2538D98000B7872D /* Atributika Test.app */ = {isa = PBXFileReference; explicitFileType = wrapper.application; includeInIndex = 0; path = "Atributika Test.app"; sourceTree = BUILT_PRODUCTS_DIR; };
		9DEB25422538D98000B7872D /* AppDelegate.swift */ = {isa = PBXFileReference; lastKnownFileType = sourcecode.swift; path = AppDelegate.swift; sourceTree = "<group>"; };
		9DEB25442538D98000B7872D /* SceneDelegate.swift */ = {isa = PBXFileReference; lastKnownFileType = sourcecode.swift; path = SceneDelegate.swift; sourceTree = "<group>"; };
		9DEB25462538D98000B7872D /* ContentView.swift */ = {isa = PBXFileReference; lastKnownFileType = sourcecode.swift; path = ContentView.swift; sourceTree = "<group>"; };
		9DEB25482538D98200B7872D /* Assets.xcassets */ = {isa = PBXFileReference; lastKnownFileType = folder.assetcatalog; path = Assets.xcassets; sourceTree = "<group>"; };
		9DEB254B2538D98200B7872D /* Preview Assets.xcassets */ = {isa = PBXFileReference; lastKnownFileType = folder.assetcatalog; path = "Preview Assets.xcassets"; sourceTree = "<group>"; };
		9DEB254E2538D98200B7872D /* Base */ = {isa = PBXFileReference; lastKnownFileType = file.storyboard; name = Base; path = Base.lproj/LaunchScreen.storyboard; sourceTree = "<group>"; };
		9DEB25502538D98200B7872D /* Info.plist */ = {isa = PBXFileReference; lastKnownFileType = text.plist.xml; path = Info.plist; sourceTree = "<group>"; };
/* End PBXFileReference section */

/* Begin PBXFrameworksBuildPhase section */
		9DEB253C2538D98000B7872D /* Frameworks */ = {
			isa = PBXFrameworksBuildPhase;
			buildActionMask = 2147483647;
			files = (
				9DEB25582538DBE100B7872D /* Atributika in Frameworks */,
			);
			runOnlyForDeploymentPostprocessing = 0;
		};
/* End PBXFrameworksBuildPhase section */

/* Begin PBXGroup section */
		9DEB25362538D98000B7872D = {
			isa = PBXGroup;
			children = (
				9DEB25412538D98000B7872D /* Atributika Test */,
				9DEB25402538D98000B7872D /* Products */,
			);
			sourceTree = "<group>";
		};
		9DEB25402538D98000B7872D /* Products */ = {
			isa = PBXGroup;
			children = (
				9DEB253F2538D98000B7872D /* Atributika Test.app */,
			);
			name = Products;
			sourceTree = "<group>";
		};
		9DEB25412538D98000B7872D /* Atributika Test */ = {
			isa = PBXGroup;
			children = (
				9DEB25422538D98000B7872D /* AppDelegate.swift */,
				9DEB25442538D98000B7872D /* SceneDelegate.swift */,
				9DEB25462538D98000B7872D /* ContentView.swift */,
				9DEB25482538D98200B7872D /* Assets.xcassets */,
				9DEB254D2538D98200B7872D /* LaunchScreen.storyboard */,
				9DEB25502538D98200B7872D /* Info.plist */,
				9DEB254A2538D98200B7872D /* Preview Content */,
			);
			path = "Atributika Test";
			sourceTree = "<group>";
		};
		9DEB254A2538D98200B7872D /* Preview Content */ = {
			isa = PBXGroup;
			children = (
				9DEB254B2538D98200B7872D /* Preview Assets.xcassets */,
			);
			path = "Preview Content";
			sourceTree = "<group>";
		};
/* End PBXGroup section */

/* Begin PBXNativeTarget section */
		9DEB253E2538D98000B7872D /* Atributika Test */ = {
			isa = PBXNativeTarget;
			buildConfigurationList = 9DEB25532538D98200B7872D /* Build configuration list for PBXNativeTarget "Atributika Test" */;
			buildPhases = (
				9DEB253B2538D98000B7872D /* Sources */,
				9DEB253C2538D98000B7872D /* Frameworks */,
				9DEB253D2538D98000B7872D /* Resources */,
			);
			buildRules = (
			);
			dependencies = (
			);
			name = "Atributika Test";
			packageProductDependencies = (
				9DEB25572538DBE100B7872D /* Atributika */,
			);
			productName = "Atributika Test";
			productReference = 9DEB253F2538D98000B7872D /* Atributika Test.app */;
			productType = "com.apple.product-type.application";
		};
/* End PBXNativeTarget section */

/* Begin PBXProject section */
		9DEB25372538D98000B7872D /* Project object */ = {
			isa = PBXProject;
			attributes = {
				LastSwiftUpdateCheck = 1160;
				LastUpgradeCheck = 1160;
				ORGANIZATIONNAME = "Live Coin Watch";
				TargetAttributes = {
					9DEB253E2538D98000B7872D = {
						CreatedOnToolsVersion = 11.6;
					};
				};
			};
			buildConfigurationList = 9DEB253A2538D98000B7872D /* Build configuration list for PBXProject "Atributika Test" */;
			compatibilityVersion = "Xcode 9.3";
			developmentRegion = en;
			hasScannedForEncodings = 0;
			knownRegions = (
				en,
				Base,
			);
			mainGroup = 9DEB25362538D98000B7872D;
			packageReferences = (
				9DEB25562538DBE100B7872D /* XCRemoteSwiftPackageReference "Atributika" */,
			);
			productRefGroup = 9DEB25402538D98000B7872D /* Products */;
			projectDirPath = "";
			projectRoot = "";
			targets = (
				9DEB253E2538D98000B7872D /* Atributika Test */,
			);
		};
/* End PBXProject section */

/* Begin PBXResourcesBuildPhase section */
		9DEB253D2538D98000B7872D /* Resources */ = {
			isa = PBXResourcesBuildPhase;
			buildActionMask = 2147483647;
			files = (
				9DEB254F2538D98200B7872D /* LaunchScreen.storyboard in Resources */,
				9DEB254C2538D98200B7872D /* Preview Assets.xcassets in Resources */,
				9DEB25492538D98200B7872D /* Assets.xcassets in Resources */,
			);
			runOnlyForDeploymentPostprocessing = 0;
		};
/* End PBXResourcesBuildPhase section */

/* Begin PBXSourcesBuildPhase section */
		9DEB253B2538D98000B7872D /* Sources */ = {
			isa = PBXSourcesBuildPhase;
			buildActionMask = 2147483647;
			files = (
				9DEB25432538D98000B7872D /* AppDelegate.swift in Sources */,
				9DEB25452538D98000B7872D /* SceneDelegate.swift in Sources */,
				9DEB25472538D98000B7872D /* ContentView.swift in Sources */,
			);
			runOnlyForDeploymentPostprocessing = 0;
		};
/* End PBXSourcesBuildPhase section */

/* Begin PBXVariantGroup section */
		9DEB254D2538D98200B7872D /* LaunchScreen.storyboard */ = {
			isa = PBXVariantGroup;
			children = (
				9DEB254E2538D98200B7872D /* Base */,
			);
			name = LaunchScreen.storyboard;
			sourceTree = "<group>";
		};
/* End PBXVariantGroup section */

/* Begin XCBuildConfiguration section */
		9DEB25512538D98200B7872D /* Debug */ = {
			isa = XCBuildConfiguration;
			buildSettings = {
				ALWAYS_SEARCH_USER_PATHS = NO;
				CLANG_ANALYZER_NONNULL = YES;
				CLANG_ANALYZER_NUMBER_OBJECT_CONVERSION = YES_AGGRESSIVE;
				CLANG_CXX_LANGUAGE_STANDARD = "gnu++14";
				CLANG_CXX_LIBRARY = "libc++";
				CLANG_ENABLE_MODULES = YES;
				CLANG_ENABLE_OBJC_ARC = YES;
				CLANG_ENABLE_OBJC_WEAK = YES;
				CLANG_WARN_BLOCK_CAPTURE_AUTORELEASING = YES;
				CLANG_WARN_BOOL_CONVERSION = YES;
				CLANG_WARN_COMMA = YES;
				CLANG_WARN_CONSTANT_CONVERSION = YES;
				CLANG_WARN_DEPRECATED_OBJC_IMPLEMENTATIONS = YES;
				CLANG_WARN_DIRECT_OBJC_ISA_USAGE = YES_ERROR;
				CLANG_WARN_DOCUMENTATION_COMMENTS = YES;
				CLANG_WARN_EMPTY_BODY = YES;
				CLANG_WARN_ENUM_CONVERSION = YES;
				CLANG_WARN_INFINITE_RECURSION = YES;
				CLANG_WARN_INT_CONVERSION = YES;
				CLANG_WARN_NON_LITERAL_NULL_CONVERSION = YES;
				CLANG_WARN_OBJC_IMPLICIT_RETAIN_SELF = YES;
				CLANG_WARN_OBJC_LITERAL_CONVERSION = YES;
				CLANG_WARN_OBJC_ROOT_CLASS = YES_ERROR;
				CLANG_WARN_RANGE_LOOP_ANALYSIS = YES;
				CLANG_WARN_STRICT_PROTOTYPES = YES;
				CLANG_WARN_SUSPICIOUS_MOVE = YES;
				CLANG_WARN_UNGUARDED_AVAILABILITY = YES_AGGRESSIVE;
				CLANG_WARN_UNREACHABLE_CODE = YES;
				CLANG_WARN__DUPLICATE_METHOD_MATCH = YES;
				COPY_PHASE_STRIP = NO;
				DEBUG_INFORMATION_FORMAT = dwarf;
				ENABLE_STRICT_OBJC_MSGSEND = YES;
				ENABLE_TESTABILITY = YES;
				GCC_C_LANGUAGE_STANDARD = gnu11;
				GCC_DYNAMIC_NO_PIC = NO;
				GCC_NO_COMMON_BLOCKS = YES;
				GCC_OPTIMIZATION_LEVEL = 0;
				GCC_PREPROCESSOR_DEFINITIONS = (
					"DEBUG=1",
					"$(inherited)",
				);
				GCC_WARN_64_TO_32_BIT_CONVERSION = YES;
				GCC_WARN_ABOUT_RETURN_TYPE = YES_ERROR;
				GCC_WARN_UNDECLARED_SELECTOR = YES;
				GCC_WARN_UNINITIALIZED_AUTOS = YES_AGGRESSIVE;
				GCC_WARN_UNUSED_FUNCTION = YES;
				GCC_WARN_UNUSED_VARIABLE = YES;
				IPHONEOS_DEPLOYMENT_TARGET = 13.6;
				MTL_ENABLE_DEBUG_INFO = INCLUDE_SOURCE;
				MTL_FAST_MATH = YES;
				ONLY_ACTIVE_ARCH = YES;
				SDKROOT = iphoneos;
				SWIFT_ACTIVE_COMPILATION_CONDITIONS = DEBUG;
				SWIFT_OPTIMIZATION_LEVEL = "-Onone";
			};
			name = Debug;
		};
		9DEB25522538D98200B7872D /* Release */ = {
			isa = XCBuildConfiguration;
			buildSettings = {
				ALWAYS_SEARCH_USER_PATHS = NO;
				CLANG_ANALYZER_NONNULL = YES;
				CLANG_ANALYZER_NUMBER_OBJECT_CONVERSION = YES_AGGRESSIVE;
				CLANG_CXX_LANGUAGE_STANDARD = "gnu++14";
				CLANG_CXX_LIBRARY = "libc++";
				CLANG_ENABLE_MODULES = YES;
				CLANG_ENABLE_OBJC_ARC = YES;
				CLANG_ENABLE_OBJC_WEAK = YES;
				CLANG_WARN_BLOCK_CAPTURE_AUTORELEASING = YES;
				CLANG_WARN_BOOL_CONVERSION = YES;
				CLANG_WARN_COMMA = YES;
				CLANG_WARN_CONSTANT_CONVERSION = YES;
				CLANG_WARN_DEPRECATED_OBJC_IMPLEMENTATIONS = YES;
				CLANG_WARN_DIRECT_OBJC_ISA_USAGE = YES_ERROR;
				CLANG_WARN_DOCUMENTATION_COMMENTS = YES;
				CLANG_WARN_EMPTY_BODY = YES;
				CLANG_WARN_ENUM_CONVERSION = YES;
				CLANG_WARN_INFINITE_RECURSION = YES;
				CLANG_WARN_INT_CONVERSION = YES;
				CLANG_WARN_NON_LITERAL_NULL_CONVERSION = YES;
				CLANG_WARN_OBJC_IMPLICIT_RETAIN_SELF = YES;
				CLANG_WARN_OBJC_LITERAL_CONVERSION = YES;
				CLANG_WARN_OBJC_ROOT_CLASS = YES_ERROR;
				CLANG_WARN_RANGE_LOOP_ANALYSIS = YES;
				CLANG_WARN_STRICT_PROTOTYPES = YES;
				CLANG_WARN_SUSPICIOUS_MOVE = YES;
				CLANG_WARN_UNGUARDED_AVAILABILITY = YES_AGGRESSIVE;
				CLANG_WARN_UNREACHABLE_CODE = YES;
				CLANG_WARN__DUPLICATE_METHOD_MATCH = YES;
				COPY_PHASE_STRIP = NO;
				DEBUG_INFORMATION_FORMAT = "dwarf-with-dsym";
				ENABLE_NS_ASSERTIONS = NO;
				ENABLE_STRICT_OBJC_MSGSEND = YES;
				GCC_C_LANGUAGE_STANDARD = gnu11;
				GCC_NO_COMMON_BLOCKS = YES;
				GCC_WARN_64_TO_32_BIT_CONVERSION = YES;
				GCC_WARN_ABOUT_RETURN_TYPE = YES_ERROR;
				GCC_WARN_UNDECLARED_SELECTOR = YES;
				GCC_WARN_UNINITIALIZED_AUTOS = YES_AGGRESSIVE;
				GCC_WARN_UNUSED_FUNCTION = YES;
				GCC_WARN_UNUSED_VARIABLE = YES;
				IPHONEOS_DEPLOYMENT_TARGET = 13.6;
				MTL_ENABLE_DEBUG_INFO = NO;
				MTL_FAST_MATH = YES;
				SDKROOT = iphoneos;
				SWIFT_COMPILATION_MODE = wholemodule;
				SWIFT_OPTIMIZATION_LEVEL = "-O";
				VALIDATE_PRODUCT = YES;
			};
			name = Release;
		};
		9DEB25542538D98200B7872D /* Debug */ = {
			isa = XCBuildConfiguration;
			buildSettings = {
				ASSETCATALOG_COMPILER_APPICON_NAME = AppIcon;
				CODE_SIGN_STYLE = Automatic;
				DEVELOPMENT_ASSET_PATHS = "\"Atributika Test/Preview Content\"";
				DEVELOPMENT_TEAM = QN95CBUCUL;
				ENABLE_PREVIEWS = YES;
				INFOPLIST_FILE = "Atributika Test/Info.plist";
				LD_RUNPATH_SEARCH_PATHS = (
					"$(inherited)",
					"@executable_path/Frameworks",
				);
				PRODUCT_BUNDLE_IDENTIFIER = "com.dannybuonocore.Atributika-Test";
				PRODUCT_NAME = "$(TARGET_NAME)";
				SWIFT_VERSION = 5.0;
				TARGETED_DEVICE_FAMILY = "1,2";
			};
			name = Debug;
		};
		9DEB25552538D98200B7872D /* Release */ = {
			isa = XCBuildConfiguration;
			buildSettings = {
				ASSETCATALOG_COMPILER_APPICON_NAME = AppIcon;
				CODE_SIGN_STYLE = Automatic;
				DEVELOPMENT_ASSET_PATHS = "\"Atributika Test/Preview Content\"";
				DEVELOPMENT_TEAM = QN95CBUCUL;
				ENABLE_PREVIEWS = YES;
				INFOPLIST_FILE = "Atributika Test/Info.plist";
				LD_RUNPATH_SEARCH_PATHS = (
					"$(inherited)",
					"@executable_path/Frameworks",
				);
				PRODUCT_BUNDLE_IDENTIFIER = "com.dannybuonocore.Atributika-Test";
				PRODUCT_NAME = "$(TARGET_NAME)";
				SWIFT_VERSION = 5.0;
				TARGETED_DEVICE_FAMILY = "1,2";
			};
			name = Release;
		};
/* End XCBuildConfiguration section */

/* Begin XCConfigurationList section */
		9DEB253A2538D98000B7872D /* Build configuration list for PBXProject "Atributika Test" */ = {
			isa = XCConfigurationList;
			buildConfigurations = (
				9DEB25512538D98200B7872D /* Debug */,
				9DEB25522538D98200B7872D /* Release */,
			);
			defaultConfigurationIsVisible = 0;
			defaultConfigurationName = Release;
		};
		9DEB25532538D98200B7872D /* Build configuration list for PBXNativeTarget "Atributika Test" */ = {
			isa = XCConfigurationList;
			buildConfigurations = (
				9DEB25542538D98200B7872D /* Debug */,
				9DEB25552538D98200B7872D /* Release */,
			);
			defaultConfigurationIsVisible = 0;
			defaultConfigurationName = Release;
		};
/* End XCConfigurationList section */

/* Begin XCRemoteSwiftPackageReference section */
		9DEB25562538DBE100B7872D /* XCRemoteSwiftPackageReference "Atributika" */ = {
			isa = XCRemoteSwiftPackageReference;
			repositoryURL = "https://github.com/psharanda/Atributika";
			requirement = {
				kind = upToNextMajorVersion;
				minimumVersion = 4.9.9;
			};
		};
/* End XCRemoteSwiftPackageReference section */

/* Begin XCSwiftPackageProductDependency section */
		9DEB25572538DBE100B7872D /* Atributika */ = {
			isa = XCSwiftPackageProductDependency;
			package = 9DEB25562538DBE100B7872D /* XCRemoteSwiftPackageReference "Atributika" */;
			productName = Atributika;
		};
/* End XCSwiftPackageProductDependency section */
	};
	rootObject = 9DEB25372538D98000B7872D /* Project object */;
}
